// !$*UTF8*$!
{
	archiveVersion = 1;
	classes = {
	};
	objectVersion = 50;
	objects = {

/* Begin PBXBuildFile section */
		931BA8BA2389968A00835CE9 /* HomeViewController.swift in Sources */ = {isa = PBXBuildFile; fileRef = 936B5D58238985C5003A7F79 /* HomeViewController.swift */; };
		931BA8BB2389968A00835CE9 /* DescriptionViewController.swift in Sources */ = {isa = PBXBuildFile; fileRef = 936B5D7A23898D7A003A7F79 /* DescriptionViewController.swift */; };
		931BA8BC2389968A00835CE9 /* AppDelegate.swift in Sources */ = {isa = PBXBuildFile; fileRef = 936B5D54238985C5003A7F79 /* AppDelegate.swift */; };
		931BA8BD2389968A00835CE9 /* SceneDelegate.swift in Sources */ = {isa = PBXBuildFile; fileRef = 936B5D56238985C5003A7F79 /* SceneDelegate.swift */; };
		931BA8BE2389968A00835CE9 /* CharCollectionViewCell.swift in Sources */ = {isa = PBXBuildFile; fileRef = 936B5D6F23898826003A7F79 /* CharCollectionViewCell.swift */; };
		931BA8BF2389968A00835CE9 /* FetchService.swift in Sources */ = {isa = PBXBuildFile; fileRef = 936B5D7323898918003A7F79 /* FetchService.swift */; };
		931BA8C02389968A00835CE9 /* Char.swift in Sources */ = {isa = PBXBuildFile; fileRef = 936B5D6C238987E5003A7F79 /* Char.swift */; };
		931BA8C32389968A00835CE9 /* LaunchScreen.storyboard in Resources */ = {isa = PBXBuildFile; fileRef = 936B5D5F238985C6003A7F79 /* LaunchScreen.storyboard */; };
		936B5D55238985C5003A7F79 /* AppDelegate.swift in Sources */ = {isa = PBXBuildFile; fileRef = 936B5D54238985C5003A7F79 /* AppDelegate.swift */; };
		936B5D57238985C5003A7F79 /* SceneDelegate.swift in Sources */ = {isa = PBXBuildFile; fileRef = 936B5D56238985C5003A7F79 /* SceneDelegate.swift */; };
		936B5D59238985C5003A7F79 /* HomeViewController.swift in Sources */ = {isa = PBXBuildFile; fileRef = 936B5D58238985C5003A7F79 /* HomeViewController.swift */; };
		936B5D5E238985C6003A7F79 /* Assets.xcassets in Resources */ = {isa = PBXBuildFile; fileRef = 936B5D5D238985C6003A7F79 /* Assets.xcassets */; };
		936B5D61238985C6003A7F79 /* LaunchScreen.storyboard in Resources */ = {isa = PBXBuildFile; fileRef = 936B5D5F238985C6003A7F79 /* LaunchScreen.storyboard */; };
		936B5D6D238987E5003A7F79 /* Char.swift in Sources */ = {isa = PBXBuildFile; fileRef = 936B5D6C238987E5003A7F79 /* Char.swift */; };
		936B5D7023898826003A7F79 /* CharCollectionViewCell.swift in Sources */ = {isa = PBXBuildFile; fileRef = 936B5D6F23898826003A7F79 /* CharCollectionViewCell.swift */; };
		936B5D7423898918003A7F79 /* FetchService.swift in Sources */ = {isa = PBXBuildFile; fileRef = 936B5D7323898918003A7F79 /* FetchService.swift */; };
		936B5D7723898A05003A7F79 /* source.json in Resources */ = {isa = PBXBuildFile; fileRef = 936B5D7623898960003A7F79 /* source.json */; };
		936B5D7B23898D7A003A7F79 /* DescriptionViewController.swift in Sources */ = {isa = PBXBuildFile; fileRef = 936B5D7A23898D7A003A7F79 /* DescriptionViewController.swift */; };
		93AD659923899A4C00CF78CA /* Assets.xcassets in Resources */ = {isa = PBXBuildFile; fileRef = 93AD659823899A4C00CF78CA /* Assets.xcassets */; };
		93AD659C23899B3A00CF78CA /* source.json in Resources */ = {isa = PBXBuildFile; fileRef = 93AD659B23899B2900CF78CA /* source.json */; };
		93AD659F23899C6200CF78CA /* HomeViewController.swift in Sources */ = {isa = PBXBuildFile; fileRef = 936B5D58238985C5003A7F79 /* HomeViewController.swift */; };
		93AD65A023899C6200CF78CA /* DescriptionViewController.swift in Sources */ = {isa = PBXBuildFile; fileRef = 936B5D7A23898D7A003A7F79 /* DescriptionViewController.swift */; };
		93AD65A123899C6200CF78CA /* AppDelegate.swift in Sources */ = {isa = PBXBuildFile; fileRef = 936B5D54238985C5003A7F79 /* AppDelegate.swift */; };
		93AD65A223899C6200CF78CA /* SceneDelegate.swift in Sources */ = {isa = PBXBuildFile; fileRef = 936B5D56238985C5003A7F79 /* SceneDelegate.swift */; };
		93AD65A323899C6200CF78CA /* CharCollectionViewCell.swift in Sources */ = {isa = PBXBuildFile; fileRef = 936B5D6F23898826003A7F79 /* CharCollectionViewCell.swift */; };
		93AD65A423899C6200CF78CA /* FetchService.swift in Sources */ = {isa = PBXBuildFile; fileRef = 936B5D7323898918003A7F79 /* FetchService.swift */; };
		93AD65A523899C6200CF78CA /* Char.swift in Sources */ = {isa = PBXBuildFile; fileRef = 936B5D6C238987E5003A7F79 /* Char.swift */; };
		93AD65A823899C6200CF78CA /* LaunchScreen.storyboard in Resources */ = {isa = PBXBuildFile; fileRef = 936B5D5F238985C6003A7F79 /* LaunchScreen.storyboard */; };
		93AD65B523899CC300CF78CA /* source.json in Resources */ = {isa = PBXBuildFile; fileRef = 93AD65B423899CAF00CF78CA /* source.json */; };
		93AD65B723899CFF00CF78CA /* Assets.xcassets in Resources */ = {isa = PBXBuildFile; fileRef = 93AD65B623899CFF00CF78CA /* Assets.xcassets */; };
/* End PBXBuildFile section */

/* Begin PBXFileReference section */
		931BA8C92389968A00835CE9 /* Rick and Morty.app */ = {isa = PBXFileReference; explicitFileType = wrapper.application; includeInIndex = 0; path = "Rick and Morty.app"; sourceTree = BUILT_PRODUCTS_DIR; };
		936B5D51238985C5003A7F79 /* WhiteLabel-Template.app */ = {isa = PBXFileReference; explicitFileType = wrapper.application; includeInIndex = 0; path = "WhiteLabel-Template.app"; sourceTree = BUILT_PRODUCTS_DIR; };
		936B5D54238985C5003A7F79 /* AppDelegate.swift */ = {isa = PBXFileReference; lastKnownFileType = sourcecode.swift; path = AppDelegate.swift; sourceTree = "<group>"; };
		936B5D56238985C5003A7F79 /* SceneDelegate.swift */ = {isa = PBXFileReference; lastKnownFileType = sourcecode.swift; path = SceneDelegate.swift; sourceTree = "<group>"; };
		936B5D58238985C5003A7F79 /* HomeViewController.swift */ = {isa = PBXFileReference; lastKnownFileType = sourcecode.swift; path = HomeViewController.swift; sourceTree = "<group>"; };
		936B5D5D238985C6003A7F79 /* Assets.xcassets */ = {isa = PBXFileReference; lastKnownFileType = folder.assetcatalog; path = Assets.xcassets; sourceTree = "<group>"; };
		936B5D60238985C6003A7F79 /* Base */ = {isa = PBXFileReference; lastKnownFileType = file.storyboard; name = Base; path = Base.lproj/LaunchScreen.storyboard; sourceTree = "<group>"; };
		936B5D62238985C6003A7F79 /* Info.plist */ = {isa = PBXFileReference; lastKnownFileType = text.plist.xml; path = Info.plist; sourceTree = "<group>"; };
		936B5D6C238987E5003A7F79 /* Char.swift */ = {isa = PBXFileReference; lastKnownFileType = sourcecode.swift; path = Char.swift; sourceTree = "<group>"; };
		936B5D6F23898826003A7F79 /* CharCollectionViewCell.swift */ = {isa = PBXFileReference; lastKnownFileType = sourcecode.swift; path = CharCollectionViewCell.swift; sourceTree = "<group>"; };
		936B5D7323898918003A7F79 /* FetchService.swift */ = {isa = PBXFileReference; lastKnownFileType = sourcecode.swift; path = FetchService.swift; sourceTree = "<group>"; };
		936B5D7623898960003A7F79 /* source.json */ = {isa = PBXFileReference; lastKnownFileType = text.json; path = source.json; sourceTree = "<group>"; };
		936B5D7A23898D7A003A7F79 /* DescriptionViewController.swift */ = {isa = PBXFileReference; lastKnownFileType = sourcecode.swift; path = DescriptionViewController.swift; sourceTree = "<group>"; };
		93AD65952389999700CF78CA /* RNM-Info.plist */ = {isa = PBXFileReference; fileEncoding = 4; lastKnownFileType = text.plist.xml; path = "RNM-Info.plist"; sourceTree = "<group>"; };
		93AD659823899A4C00CF78CA /* Assets.xcassets */ = {isa = PBXFileReference; lastKnownFileType = folder.assetcatalog; path = Assets.xcassets; sourceTree = "<group>"; };
		93AD659B23899B2900CF78CA /* source.json */ = {isa = PBXFileReference; lastKnownFileType = text.json; path = source.json; sourceTree = "<group>"; };
		93AD65AE23899C6200CF78CA /* Pokemon.app */ = {isa = PBXFileReference; explicitFileType = wrapper.application; includeInIndex = 0; path = Pokemon.app; sourceTree = BUILT_PRODUCTS_DIR; };
		93AD65B123899C8B00CF78CA /* Info.plist */ = {isa = PBXFileReference; fileEncoding = 4; lastKnownFileType = text.plist.xml; path = Info.plist; sourceTree = "<group>"; };
		93AD65B423899CAF00CF78CA /* source.json */ = {isa = PBXFileReference; lastKnownFileType = text.json; path = source.json; sourceTree = "<group>"; };
		93AD65B623899CFF00CF78CA /* Assets.xcassets */ = {isa = PBXFileReference; lastKnownFileType = folder.assetcatalog; path = Assets.xcassets; sourceTree = "<group>"; };
/* End PBXFileReference section */

/* Begin PBXFrameworksBuildPhase section */
		931BA8C12389968A00835CE9 /* Frameworks */ = {
			isa = PBXFrameworksBuildPhase;
			buildActionMask = 2147483647;
			files = (
			);
			runOnlyForDeploymentPostprocessing = 0;
		};
		936B5D4E238985C5003A7F79 /* Frameworks */ = {
			isa = PBXFrameworksBuildPhase;
			buildActionMask = 2147483647;
			files = (
			);
			runOnlyForDeploymentPostprocessing = 0;
		};
		93AD65A623899C6200CF78CA /* Frameworks */ = {
			isa = PBXFrameworksBuildPhase;
			buildActionMask = 2147483647;
			files = (
			);
			runOnlyForDeploymentPostprocessing = 0;
		};
/* End PBXFrameworksBuildPhase section */

/* Begin PBXGroup section */
		931BA8CB238996A200835CE9 /* RNM */ = {
			isa = PBXGroup;
			children = (
				93AD659A23899B1900CF78CA /* Mock */,
				93AD65952389999700CF78CA /* RNM-Info.plist */,
				93AD659823899A4C00CF78CA /* Assets.xcassets */,
			);
			path = RNM;
			sourceTree = "<group>";
		};
		936B5D48238985C5003A7F79 = {
			isa = PBXGroup;
			children = (
				936B5D53238985C5003A7F79 /* WhiteLabel-Template */,
				931BA8CB238996A200835CE9 /* RNM */,
				93AD65B023899C6B00CF78CA /* Pokemon */,
				936B5D52238985C5003A7F79 /* Products */,
			);
			sourceTree = "<group>";
		};
		936B5D52238985C5003A7F79 /* Products */ = {
			isa = PBXGroup;
			children = (
				936B5D51238985C5003A7F79 /* WhiteLabel-Template.app */,
				931BA8C92389968A00835CE9 /* Rick and Morty.app */,
				93AD65AE23899C6200CF78CA /* Pokemon.app */,
			);
			name = Products;
			sourceTree = "<group>";
		};
		936B5D53238985C5003A7F79 /* WhiteLabel-Template */ = {
			isa = PBXGroup;
			children = (
				936B5D752389894A003A7F79 /* Mock */,
				936B5D72238988FB003A7F79 /* Service */,
				936B5D6B238987DD003A7F79 /* Model */,
				936B5D68238987A8003A7F79 /* Modules */,
				936B5D54238985C5003A7F79 /* AppDelegate.swift */,
				936B5D56238985C5003A7F79 /* SceneDelegate.swift */,
				936B5D5D238985C6003A7F79 /* Assets.xcassets */,
				936B5D5F238985C6003A7F79 /* LaunchScreen.storyboard */,
				936B5D62238985C6003A7F79 /* Info.plist */,
			);
			path = "WhiteLabel-Template";
			sourceTree = "<group>";
		};
		936B5D68238987A8003A7F79 /* Modules */ = {
			isa = PBXGroup;
			children = (
				936B5D7823898D38003A7F79 /* DescriptionController */,
				936B5D69238987AE003A7F79 /* HomeViewController */,
			);
			path = Modules;
			sourceTree = "<group>";
		};
		936B5D69238987AE003A7F79 /* HomeViewController */ = {
			isa = PBXGroup;
			children = (
				936B5D6E2389880A003A7F79 /* View */,
				936B5D6A238987C6003A7F79 /* Controller */,
			);
			path = HomeViewController;
			sourceTree = "<group>";
		};
		936B5D6A238987C6003A7F79 /* Controller */ = {
			isa = PBXGroup;
			children = (
				936B5D58238985C5003A7F79 /* HomeViewController.swift */,
			);
			path = Controller;
			sourceTree = "<group>";
		};
		936B5D6B238987DD003A7F79 /* Model */ = {
			isa = PBXGroup;
			children = (
				936B5D6C238987E5003A7F79 /* Char.swift */,
			);
			path = Model;
			sourceTree = "<group>";
		};
		936B5D6E2389880A003A7F79 /* View */ = {
			isa = PBXGroup;
			children = (
				936B5D6F23898826003A7F79 /* CharCollectionViewCell.swift */,
			);
			path = View;
			sourceTree = "<group>";
		};
		936B5D72238988FB003A7F79 /* Service */ = {
			isa = PBXGroup;
			children = (
				936B5D7323898918003A7F79 /* FetchService.swift */,
			);
			path = Service;
			sourceTree = "<group>";
		};
		936B5D752389894A003A7F79 /* Mock */ = {
			isa = PBXGroup;
			children = (
				936B5D7623898960003A7F79 /* source.json */,
			);
			path = Mock;
			sourceTree = "<group>";
		};
		936B5D7823898D38003A7F79 /* DescriptionController */ = {
			isa = PBXGroup;
			children = (
				936B5D7923898D44003A7F79 /* Controller */,
			);
			path = DescriptionController;
			sourceTree = "<group>";
		};
		936B5D7923898D44003A7F79 /* Controller */ = {
			isa = PBXGroup;
			children = (
				936B5D7A23898D7A003A7F79 /* DescriptionViewController.swift */,
			);
			path = Controller;
			sourceTree = "<group>";
		};
		93AD659A23899B1900CF78CA /* Mock */ = {
			isa = PBXGroup;
			children = (
				93AD659B23899B2900CF78CA /* source.json */,
			);
			path = Mock;
			sourceTree = "<group>";
		};
		93AD65B023899C6B00CF78CA /* Pokemon */ = {
			isa = PBXGroup;
			children = (
				93AD65B323899C9700CF78CA /* Mock */,
				93AD65B123899C8B00CF78CA /* Info.plist */,
				93AD65B623899CFF00CF78CA /* Assets.xcassets */,
			);
			path = Pokemon;
			sourceTree = "<group>";
		};
		93AD65B323899C9700CF78CA /* Mock */ = {
			isa = PBXGroup;
			children = (
				93AD65B423899CAF00CF78CA /* source.json */,
			);
			path = Mock;
			sourceTree = "<group>";
		};
/* End PBXGroup section */

/* Begin PBXNativeTarget section */
		931BA8B82389968A00835CE9 /* RNM */ = {
			isa = PBXNativeTarget;
			buildConfigurationList = 931BA8C62389968A00835CE9 /* Build configuration list for PBXNativeTarget "RNM" */;
			buildPhases = (
				931BA8B92389968A00835CE9 /* Sources */,
				931BA8C12389968A00835CE9 /* Frameworks */,
				931BA8C22389968A00835CE9 /* Resources */,
			);
			buildRules = (
			);
			dependencies = (
			);
			name = RNM;
			productName = "WhiteLabel-Template";
			productReference = 931BA8C92389968A00835CE9 /* Rick and Morty.app */;
			productType = "com.apple.product-type.application";
		};
		936B5D50238985C5003A7F79 /* WhiteLabel-Template */ = {
			isa = PBXNativeTarget;
			buildConfigurationList = 936B5D65238985C6003A7F79 /* Build configuration list for PBXNativeTarget "WhiteLabel-Template" */;
			buildPhases = (
				936B5D4D238985C5003A7F79 /* Sources */,
				936B5D4E238985C5003A7F79 /* Frameworks */,
				936B5D4F238985C5003A7F79 /* Resources */,
			);
			buildRules = (
			);
			dependencies = (
			);
			name = "WhiteLabel-Template";
			productName = "WhiteLabel-Template";
			productReference = 936B5D51238985C5003A7F79 /* WhiteLabel-Template.app */;
			productType = "com.apple.product-type.application";
		};
		93AD659D23899C6200CF78CA /* Pokemon */ = {
			isa = PBXNativeTarget;
			buildConfigurationList = 93AD65AB23899C6200CF78CA /* Build configuration list for PBXNativeTarget "Pokemon" */;
			buildPhases = (
				93AD659E23899C6200CF78CA /* Sources */,
				93AD65A623899C6200CF78CA /* Frameworks */,
				93AD65A723899C6200CF78CA /* Resources */,
			);
			buildRules = (
			);
			dependencies = (
			);
			name = Pokemon;
			productName = "WhiteLabel-Template";
			productReference = 93AD65AE23899C6200CF78CA /* Pokemon.app */;
			productType = "com.apple.product-type.application";
		};
/* End PBXNativeTarget section */

/* Begin PBXProject section */
		936B5D49238985C5003A7F79 /* Project object */ = {
			isa = PBXProject;
			attributes = {
				LastSwiftUpdateCheck = 1120;
				LastUpgradeCheck = 1120;
				ORGANIZATIONNAME = "Davi Cabral de Oliveira";
				TargetAttributes = {
					936B5D50238985C5003A7F79 = {
						CreatedOnToolsVersion = 11.2.1;
					};
				};
			};
			buildConfigurationList = 936B5D4C238985C5003A7F79 /* Build configuration list for PBXProject "WhiteLabel-Template" */;
			compatibilityVersion = "Xcode 9.3";
			developmentRegion = en;
			hasScannedForEncodings = 0;
			knownRegions = (
				en,
				Base,
			);
			mainGroup = 936B5D48238985C5003A7F79;
			productRefGroup = 936B5D52238985C5003A7F79 /* Products */;
			projectDirPath = "";
			projectRoot = "";
			targets = (
				936B5D50238985C5003A7F79 /* WhiteLabel-Template */,
				931BA8B82389968A00835CE9 /* RNM */,
				93AD659D23899C6200CF78CA /* Pokemon */,
			);
		};
/* End PBXProject section */

/* Begin PBXResourcesBuildPhase section */
		931BA8C22389968A00835CE9 /* Resources */ = {
			isa = PBXResourcesBuildPhase;
			buildActionMask = 2147483647;
			files = (
				931BA8C32389968A00835CE9 /* LaunchScreen.storyboard in Resources */,
				93AD659923899A4C00CF78CA /* Assets.xcassets in Resources */,
				93AD659C23899B3A00CF78CA /* source.json in Resources */,
			);
			runOnlyForDeploymentPostprocessing = 0;
		};
		936B5D4F238985C5003A7F79 /* Resources */ = {
			isa = PBXResourcesBuildPhase;
			buildActionMask = 2147483647;
			files = (
				936B5D61238985C6003A7F79 /* LaunchScreen.storyboard in Resources */,
				936B5D7723898A05003A7F79 /* source.json in Resources */,
				936B5D5E238985C6003A7F79 /* Assets.xcassets in Resources */,
			);
			runOnlyForDeploymentPostprocessing = 0;
		};
		93AD65A723899C6200CF78CA /* Resources */ = {
			isa = PBXResourcesBuildPhase;
			buildActionMask = 2147483647;
			files = (
				93AD65B523899CC300CF78CA /* source.json in Resources */,
				93AD65B723899CFF00CF78CA /* Assets.xcassets in Resources */,
				93AD65A823899C6200CF78CA /* LaunchScreen.storyboard in Resources */,
			);
			runOnlyForDeploymentPostprocessing = 0;
		};
/* End PBXResourcesBuildPhase section */

/* Begin PBXSourcesBuildPhase section */
		931BA8B92389968A00835CE9 /* Sources */ = {
			isa = PBXSourcesBuildPhase;
			buildActionMask = 2147483647;
			files = (
				931BA8BA2389968A00835CE9 /* HomeViewController.swift in Sources */,
				931BA8BB2389968A00835CE9 /* DescriptionViewController.swift in Sources */,
				931BA8BC2389968A00835CE9 /* AppDelegate.swift in Sources */,
				931BA8BD2389968A00835CE9 /* SceneDelegate.swift in Sources */,
				931BA8BE2389968A00835CE9 /* CharCollectionViewCell.swift in Sources */,
				931BA8BF2389968A00835CE9 /* FetchService.swift in Sources */,
				931BA8C02389968A00835CE9 /* Char.swift in Sources */,
			);
			runOnlyForDeploymentPostprocessing = 0;
		};
		936B5D4D238985C5003A7F79 /* Sources */ = {
			isa = PBXSourcesBuildPhase;
			buildActionMask = 2147483647;
			files = (
				936B5D59238985C5003A7F79 /* HomeViewController.swift in Sources */,
				936B5D7B23898D7A003A7F79 /* DescriptionViewController.swift in Sources */,
				936B5D55238985C5003A7F79 /* AppDelegate.swift in Sources */,
				936B5D57238985C5003A7F79 /* SceneDelegate.swift in Sources */,
				936B5D7023898826003A7F79 /* CharCollectionViewCell.swift in Sources */,
				936B5D7423898918003A7F79 /* FetchService.swift in Sources */,
				936B5D6D238987E5003A7F79 /* Char.swift in Sources */,
			);
			runOnlyForDeploymentPostprocessing = 0;
		};
		93AD659E23899C6200CF78CA /* Sources */ = {
			isa = PBXSourcesBuildPhase;
			buildActionMask = 2147483647;
			files = (
				93AD659F23899C6200CF78CA /* HomeViewController.swift in Sources */,
				93AD65A023899C6200CF78CA /* DescriptionViewController.swift in Sources */,
				93AD65A123899C6200CF78CA /* AppDelegate.swift in Sources */,
				93AD65A223899C6200CF78CA /* SceneDelegate.swift in Sources */,
				93AD65A323899C6200CF78CA /* CharCollectionViewCell.swift in Sources */,
				93AD65A423899C6200CF78CA /* FetchService.swift in Sources */,
				93AD65A523899C6200CF78CA /* Char.swift in Sources */,
			);
			runOnlyForDeploymentPostprocessing = 0;
		};
/* End PBXSourcesBuildPhase section */

/* Begin PBXVariantGroup section */
		936B5D5F238985C6003A7F79 /* LaunchScreen.storyboard */ = {
			isa = PBXVariantGroup;
			children = (
				936B5D60238985C6003A7F79 /* Base */,
			);
			name = LaunchScreen.storyboard;
			sourceTree = "<group>";
		};
/* End PBXVariantGroup section */

/* Begin XCBuildConfiguration section */
		931BA8C72389968A00835CE9 /* Debug */ = {
			isa = XCBuildConfiguration;
			buildSettings = {
				ASSETCATALOG_COMPILER_APPICON_NAME = AppIcon;
				CODE_SIGN_STYLE = Automatic;
				DEVELOPMENT_TEAM = 83XT2J75S2;
				INFOPLIST_FILE = "RNM/RNM-Info.plist";
				LD_RUNPATH_SEARCH_PATHS = (
					"$(inherited)",
					"@executable_path/Frameworks",
				);
				PRODUCT_BUNDLE_IDENTIFIER = com.cabral.oliveira.RNM;
				PRODUCT_NAME = "Rick and Morty";
				SWIFT_VERSION = 5.0;
				TARGETED_DEVICE_FAMILY = "1,2";
			};
			name = Debug;
		};
		931BA8C82389968A00835CE9 /* Release */ = {
			isa = XCBuildConfiguration;
			buildSettings = {
				ASSETCATALOG_COMPILER_APPICON_NAME = AppIcon;
				CODE_SIGN_STYLE = Automatic;
				DEVELOPMENT_TEAM = 83XT2J75S2;
				INFOPLIST_FILE = "RNM/RNM-Info.plist";
				LD_RUNPATH_SEARCH_PATHS = (
					"$(inherited)",
					"@executable_path/Frameworks",
				);
				PRODUCT_BUNDLE_IDENTIFIER = com.cabral.oliveira.RNM;
				PRODUCT_NAME = "Rick and Morty";
				SWIFT_VERSION = 5.0;
				TARGETED_DEVICE_FAMILY = "1,2";
			};
			name = Release;
		};
		936B5D63238985C6003A7F79 /* Debug */ = {
			isa = XCBuildConfiguration;
			buildSettings = {
				ALWAYS_SEARCH_USER_PATHS = NO;
				CLANG_ANALYZER_NONNULL = YES;
				CLANG_ANALYZER_NUMBER_OBJECT_CONVERSION = YES_AGGRESSIVE;
				CLANG_CXX_LANGUAGE_STANDARD = "gnu++14";
				CLANG_CXX_LIBRARY = "libc++";
				CLANG_ENABLE_MODULES = YES;
				CLANG_ENABLE_OBJC_ARC = YES;
				CLANG_ENABLE_OBJC_WEAK = YES;
				CLANG_WARN_BLOCK_CAPTURE_AUTORELEASING = YES;
				CLANG_WARN_BOOL_CONVERSION = YES;
				CLANG_WARN_COMMA = YES;
				CLANG_WARN_CONSTANT_CONVERSION = YES;
				CLANG_WARN_DEPRECATED_OBJC_IMPLEMENTATIONS = YES;
				CLANG_WARN_DIRECT_OBJC_ISA_USAGE = YES_ERROR;
				CLANG_WARN_DOCUMENTATION_COMMENTS = YES;
				CLANG_WARN_EMPTY_BODY = YES;
				CLANG_WARN_ENUM_CONVERSION = YES;
				CLANG_WARN_INFINITE_RECURSION = YES;
				CLANG_WARN_INT_CONVERSION = YES;
				CLANG_WARN_NON_LITERAL_NULL_CONVERSION = YES;
				CLANG_WARN_OBJC_IMPLICIT_RETAIN_SELF = YES;
				CLANG_WARN_OBJC_LITERAL_CONVERSION = YES;
				CLANG_WARN_OBJC_ROOT_CLASS = YES_ERROR;
				CLANG_WARN_RANGE_LOOP_ANALYSIS = YES;
				CLANG_WARN_STRICT_PROTOTYPES = YES;
				CLANG_WARN_SUSPICIOUS_MOVE = YES;
				CLANG_WARN_UNGUARDED_AVAILABILITY = YES_AGGRESSIVE;
				CLANG_WARN_UNREACHABLE_CODE = YES;
				CLANG_WARN__DUPLICATE_METHOD_MATCH = YES;
				COPY_PHASE_STRIP = NO;
				DEBUG_INFORMATION_FORMAT = dwarf;
				ENABLE_STRICT_OBJC_MSGSEND = YES;
				ENABLE_TESTABILITY = YES;
				GCC_C_LANGUAGE_STANDARD = gnu11;
				GCC_DYNAMIC_NO_PIC = NO;
				GCC_NO_COMMON_BLOCKS = YES;
				GCC_OPTIMIZATION_LEVEL = 0;
				GCC_PREPROCESSOR_DEFINITIONS = (
					"DEBUG=1",
					"$(inherited)",
				);
				GCC_WARN_64_TO_32_BIT_CONVERSION = YES;
				GCC_WARN_ABOUT_RETURN_TYPE = YES_ERROR;
				GCC_WARN_UNDECLARED_SELECTOR = YES;
				GCC_WARN_UNINITIALIZED_AUTOS = YES_AGGRESSIVE;
				GCC_WARN_UNUSED_FUNCTION = YES;
				GCC_WARN_UNUSED_VARIABLE = YES;
				IPHONEOS_DEPLOYMENT_TARGET = 13.2;
				MTL_ENABLE_DEBUG_INFO = INCLUDE_SOURCE;
				MTL_FAST_MATH = YES;
				ONLY_ACTIVE_ARCH = YES;
				SDKROOT = iphoneos;
				SWIFT_ACTIVE_COMPILATION_CONDITIONS = DEBUG;
				SWIFT_OPTIMIZATION_LEVEL = "-Onone";
			};
			name = Debug;
		};
		936B5D64238985C6003A7F79 /* Release */ = {
			isa = XCBuildConfiguration;
			buildSettings = {
				ALWAYS_SEARCH_USER_PATHS = NO;
				CLANG_ANALYZER_NONNULL = YES;
				CLANG_ANALYZER_NUMBER_OBJECT_CONVERSION = YES_AGGRESSIVE;
				CLANG_CXX_LANGUAGE_STANDARD = "gnu++14";
				CLANG_CXX_LIBRARY = "libc++";
				CLANG_ENABLE_MODULES = YES;
				CLANG_ENABLE_OBJC_ARC = YES;
				CLANG_ENABLE_OBJC_WEAK = YES;
				CLANG_WARN_BLOCK_CAPTURE_AUTORELEASING = YES;
				CLANG_WARN_BOOL_CONVERSION = YES;
				CLANG_WARN_COMMA = YES;
				CLANG_WARN_CONSTANT_CONVERSION = YES;
				CLANG_WARN_DEPRECATED_OBJC_IMPLEMENTATIONS = YES;
				CLANG_WARN_DIRECT_OBJC_ISA_USAGE = YES_ERROR;
				CLANG_WARN_DOCUMENTATION_COMMENTS = YES;
				CLANG_WARN_EMPTY_BODY = YES;
				CLANG_WARN_ENUM_CONVERSION = YES;
				CLANG_WARN_INFINITE_RECURSION = YES;
				CLANG_WARN_INT_CONVERSION = YES;
				CLANG_WARN_NON_LITERAL_NULL_CONVERSION = YES;
				CLANG_WARN_OBJC_IMPLICIT_RETAIN_SELF = YES;
				CLANG_WARN_OBJC_LITERAL_CONVERSION = YES;
				CLANG_WARN_OBJC_ROOT_CLASS = YES_ERROR;
				CLANG_WARN_RANGE_LOOP_ANALYSIS = YES;
				CLANG_WARN_STRICT_PROTOTYPES = YES;
				CLANG_WARN_SUSPICIOUS_MOVE = YES;
				CLANG_WARN_UNGUARDED_AVAILABILITY = YES_AGGRESSIVE;
				CLANG_WARN_UNREACHABLE_CODE = YES;
				CLANG_WARN__DUPLICATE_METHOD_MATCH = YES;
				COPY_PHASE_STRIP = NO;
				DEBUG_INFORMATION_FORMAT = "dwarf-with-dsym";
				ENABLE_NS_ASSERTIONS = NO;
				ENABLE_STRICT_OBJC_MSGSEND = YES;
				GCC_C_LANGUAGE_STANDARD = gnu11;
				GCC_NO_COMMON_BLOCKS = YES;
				GCC_WARN_64_TO_32_BIT_CONVERSION = YES;
				GCC_WARN_ABOUT_RETURN_TYPE = YES_ERROR;
				GCC_WARN_UNDECLARED_SELECTOR = YES;
				GCC_WARN_UNINITIALIZED_AUTOS = YES_AGGRESSIVE;
				GCC_WARN_UNUSED_FUNCTION = YES;
				GCC_WARN_UNUSED_VARIABLE = YES;
				IPHONEOS_DEPLOYMENT_TARGET = 13.2;
				MTL_ENABLE_DEBUG_INFO = NO;
				MTL_FAST_MATH = YES;
				SDKROOT = iphoneos;
				SWIFT_COMPILATION_MODE = wholemodule;
				SWIFT_OPTIMIZATION_LEVEL = "-O";
				VALIDATE_PRODUCT = YES;
			};
			name = Release;
		};
		936B5D66238985C6003A7F79 /* Debug */ = {
			isa = XCBuildConfiguration;
			buildSettings = {
				ASSETCATALOG_COMPILER_APPICON_NAME = AppIcon;
				CODE_SIGN_STYLE = Automatic;
				DEVELOPMENT_TEAM = 83XT2J75S2;
				INFOPLIST_FILE = "WhiteLabel-Template/Info.plist";
				LD_RUNPATH_SEARCH_PATHS = (
					"$(inherited)",
					"@executable_path/Frameworks",
				);
				PRODUCT_BUNDLE_IDENTIFIER = "com.cabral.oliveira.WhiteLabel-Template";
				PRODUCT_NAME = "$(TARGET_NAME)";
				SWIFT_VERSION = 5.0;
				TARGETED_DEVICE_FAMILY = "1,2";
			};
			name = Debug;
		};
		936B5D67238985C6003A7F79 /* Release */ = {
			isa = XCBuildConfiguration;
			buildSettings = {
				ASSETCATALOG_COMPILER_APPICON_NAME = AppIcon;
				CODE_SIGN_STYLE = Automatic;
				DEVELOPMENT_TEAM = 83XT2J75S2;
				INFOPLIST_FILE = "WhiteLabel-Template/Info.plist";
				LD_RUNPATH_SEARCH_PATHS = (
					"$(inherited)",
					"@executable_path/Frameworks",
				);
				PRODUCT_BUNDLE_IDENTIFIER = "com.cabral.oliveira.WhiteLabel-Template";
				PRODUCT_NAME = "$(TARGET_NAME)";
				SWIFT_VERSION = 5.0;
				TARGETED_DEVICE_FAMILY = "1,2";
			};
			name = Release;
		};
		93AD65AC23899C6200CF78CA /* Debug */ = {
			isa = XCBuildConfiguration;
			buildSettings = {
				ASSETCATALOG_COMPILER_APPICON_NAME = AppIcon;
				CODE_SIGN_STYLE = Automatic;
				DEVELOPMENT_TEAM = 83XT2J75S2;
				INFOPLIST_FILE = Pokemon/Info.plist;
				LD_RUNPATH_SEARCH_PATHS = (
					"$(inherited)",
					"@executable_path/Frameworks",
				);
				PRODUCT_BUNDLE_IDENTIFIER = com.cabral.oliveira.RNM;
				PRODUCT_NAME = "$(TARGET_NAME)";
				SWIFT_VERSION = 5.0;
				TARGETED_DEVICE_FAMILY = "1,2";
			};
			name = Debug;
		};
		93AD65AD23899C6200CF78CA /* Release */ = {
			isa = XCBuildConfiguration;
			buildSettings = {
				ASSETCATALOG_COMPILER_APPICON_NAME = AppIcon;
				CODE_SIGN_STYLE = Automatic;
				DEVELOPMENT_TEAM = 83XT2J75S2;
				INFOPLIST_FILE = Pokemon/Info.plist;
				LD_RUNPATH_SEARCH_PATHS = (
					"$(inherited)",
					"@executable_path/Frameworks",
				);
				PRODUCT_BUNDLE_IDENTIFIER = com.cabral.oliveira.RNM;
				PRODUCT_NAME = "$(TARGET_NAME)";
				SWIFT_VERSION = 5.0;
				TARGETED_DEVICE_FAMILY = "1,2";
			};
			name = Release;
		};
/* End XCBuildConfiguration section */

/* Begin XCConfigurationList section */
		931BA8C62389968A00835CE9 /* Build configuration list for PBXNativeTarget "RNM" */ = {
			isa = XCConfigurationList;
			buildConfigurations = (
				931BA8C72389968A00835CE9 /* Debug */,
				931BA8C82389968A00835CE9 /* Release */,
			);
			defaultConfigurationIsVisible = 0;
			defaultConfigurationName = Release;
		};
		936B5D4C238985C5003A7F79 /* Build configuration list for PBXProject "WhiteLabel-Template" */ = {
			isa = XCConfigurationList;
			buildConfigurations = (
				936B5D63238985C6003A7F79 /* Debug */,
				936B5D64238985C6003A7F79 /* Release */,
			);
			defaultConfigurationIsVisible = 0;
			defaultConfigurationName = Release;
		};
		936B5D65238985C6003A7F79 /* Build configuration list for PBXNativeTarget "WhiteLabel-Template" */ = {
			isa = XCConfigurationList;
			buildConfigurations = (
				936B5D66238985C6003A7F79 /* Debug */,
				936B5D67238985C6003A7F79 /* Release */,
			);
			defaultConfigurationIsVisible = 0;
			defaultConfigurationName = Release;
		};
		93AD65AB23899C6200CF78CA /* Build configuration list for PBXNativeTarget "Pokemon" */ = {
			isa = XCConfigurationList;
			buildConfigurations = (
				93AD65AC23899C6200CF78CA /* Debug */,
				93AD65AD23899C6200CF78CA /* Release */,
			);
			defaultConfigurationIsVisible = 0;
			defaultConfigurationName = Release;
		};
/* End XCConfigurationList section */
	};
	rootObject = 936B5D49238985C5003A7F79 /* Project object */;
}
